github.com/MicahParks/keyfunc/v2 v2.0.1 h1:6FrNNvG/20gEKkjxV+5anrkq0VOF666G2zUn8lk8dgk=
github.com/MicahParks/keyfunc/v2 v2.0.1/go.mod h1:rW42fi+xgLJ2FRRXAfNx9ZA8WpD4OeE/yHVMteCkw9k=
github.com/golang-jwt/jwt/v5 v5.0.0 h1:1n1XNM9hk7O9mnQoNBGolZvzebBQ7p93ULHRc28XJUE=
github.com/golang-jwt/jwt/v5 v5.0.0/go.mod h1:pqrtFR0X4osieyHYxtmOUWsAWrfe1Q5UVIyoH402zdk=
github.com/mitchellh/mapstructure v1.5.0 h1:jeMsZIYE/09sWLaz43PL7Gy6RuMjD2eJVyuac5Z2hdY=
github.com/mitchellh/mapstructure v1.5.0/go.mod h1:bFUtVrKA4DC2yAKiSyO/QUcy7e+RRV2QTWOzhPopBRo=
github.com/sethvargo/go-envconfig v1.0.1 h1:9wglip/5fUfaH0lQecLM8AyOClMw0gT0A9K2c2wozao=
github.com/sethvargo/go-envconfig v1.0.1/go.mod h1:OKZ02xFaD3MvWBBmEW45fQr08sJEsonGrrOdicvQmQA=
github.com/stytchauth/stytch-go/v12 v12.5.1 h1:l5TAZAB2+1p72ChCOgl45cxc4XIpIB4r4hNOe87l0LY=
github.com/stytchauth/stytch-go/v12 v12.5.1/go.mod h1:nKdEsZ+u8LOB18Q82i3jDNhL7yMQxnmLdagI6SSzsrs=
